# This file is generated by running "yarn install" inside your project.
# Manual changes might be lost - proceed with caution!

__metadata:
  version: 6
  cacheKey: 8

"marked@npm:^4.0.18":
  version: 4.0.18
  resolution: "marked@npm:4.0.18"
  bin:
    marked: bin/marked.js
  checksum: a13e886d5059a8500a6fd552feecc16e18fc3636aa491fce372384b1fdea67e323d67ac49f7618f6977e66ca96e39f27400eb5c1273d5ee9c2301e8c33e90dce
  languageName: node
  linkType: hard

"moonsong98.github.io@workspace:.":
  version: 0.0.0-use.local
  resolution: "moonsong98.github.io@workspace:."
  dependencies:
    marked: ^4.0.18
    zero-md: ^2.3.6
  languageName: unknown
  linkType: soft

"zero-md@npm:^2.3.6":
  version: 2.3.6
  resolution: "zero-md@npm:2.3.6"
  checksum: d49092b7018d8f58b0a39dee45129f3907521cd3bef8758c1503c255bafd692f4bf6da7202140356eb018a72e8fafad1ee976f291d428734e3ea8f1c66e42e96
  languageName: node
  linkType: hard
